
Microsoft Visual Studio Solution File, Format Version 12.00
# Visual Studio Version 16
VisualStudioVersion = 16.0.32802.440
MinimumVisualStudioVersion = 10.0.40219.1
Project("{FAE04EC0-301F-11D3-BF4B-00C04F79EFBC}") = "Candy_SUT21", "Candy_SUT21\Candy_SUT21.csproj", "{E8F14C1C-19EE-49EB-B52A-80671320517F}"
EndProject
Global
	GlobalSection(SolutionConfigurationPlatforms) = preSolution
		Debug|Any CPU = Debug|Any CPU
		Release|Any CPU = Release|Any CPU
	EndGlobalSection
	GlobalSection(ProjectConfigurationPlatforms) = postSolution
		{E8F14C1C-19EE-49EB-B52A-80671320517F}.Debug|Any CPU.ActiveCfg = Debug|Any CPU
		{E8F14C1C-19EE-49EB-B52A-80671320517F}.Debug|Any CPU.Build.0 = Debug|Any CPU
		{E8F14C1C-19EE-49EB-B52A-80671320517F}.Release|Any CPU.ActiveCfg = Release|Any CPU
		{E8F14C1C-19EE-49EB-B52A-80671320517F}.Release|Any CPU.Build.0 = Release|Any CPU
	EndGlobalSection
	GlobalSection(SolutionProperties) = preSolution
		HideSolutionNode = FALSE
	EndGlobalSection
	GlobalSection(ExtensibilityGlobals) = postSolution
		SolutionGuid = {264E8306-0702-42DA-915D-E192531F9A45}
	EndGlobalSection
EndGlobal
